
Microsoft Visual Studio Solution File, Format Version 12.00
# Visual Studio Version 16
VisualStudioVersion = 16.0.33214.272
MinimumVisualStudioVersion = 10.0.40219.1
Project("{FAE04EC0-301F-11D3-BF4B-00C04F79EFBC}") = "CSharpTest", "CSharpTest\CSharpTest.csproj", "{8BD6B370-0671-4085-A055-7CFAE54D2466}"
EndProject
Project("{FAE04EC0-301F-11D3-BF4B-00C04F79EFBC}") = "CSharpTest.Tests", "CSharpTest.Test\CSharpTest.Tests.csproj", "{2AB987EC-4D3D-4923-AFB7-2098EAED2EBD}"
EndProject
Global
	GlobalSection(SolutionConfigurationPlatforms) = preSolution
		Debug|Any CPU = Debug|Any CPU
		Release|Any CPU = Release|Any CPU
	EndGlobalSection
	GlobalSection(ProjectConfigurationPlatforms) = postSolution
		{8BD6B370-0671-4085-A055-7CFAE54D2466}.Debug|Any CPU.ActiveCfg = Debug|Any CPU
		{8BD6B370-0671-4085-A055-7CFAE54D2466}.Debug|Any CPU.Build.0 = Debug|Any CPU
		{8BD6B370-0671-4085-A055-7CFAE54D2466}.Release|Any CPU.ActiveCfg = Release|Any CPU
		{8BD6B370-0671-4085-A055-7CFAE54D2466}.Release|Any CPU.Build.0 = Release|Any CPU
		{2AB987EC-4D3D-4923-AFB7-2098EAED2EBD}.Debug|Any CPU.ActiveCfg = Debug|Any CPU
		{2AB987EC-4D3D-4923-AFB7-2098EAED2EBD}.Debug|Any CPU.Build.0 = Debug|Any CPU
		{2AB987EC-4D3D-4923-AFB7-2098EAED2EBD}.Release|Any CPU.ActiveCfg = Release|Any CPU
		{2AB987EC-4D3D-4923-AFB7-2098EAED2EBD}.Release|Any CPU.Build.0 = Release|Any CPU
	EndGlobalSection
	GlobalSection(SolutionProperties) = preSolution
		HideSolutionNode = FALSE
	EndGlobalSection
	GlobalSection(ExtensibilityGlobals) = postSolution
		SolutionGuid = {A3C41BB2-0B08-4DCE-8972-03068AA8D834}
	EndGlobalSection
EndGlobal
